
Microsoft Visual Studio Solution File, Format Version 12.00
# Visual Studio Version 16
VisualStudioVersion = 16.0.31410.357
MinimumVisualStudioVersion = 10.0.40219.1
Project("{FAE04EC0-301F-11D3-BF4B-00C04F79EFBC}") = "MyBus", "MyBus.csproj", "{DB585A8D-5847-4FA1-9789-7D96F7208D6F}"
EndProject
Global
	GlobalSection(SolutionConfigurationPlatforms) = preSolution
		Debug|Any CPU = Debug|Any CPU
		Release|Any CPU = Release|Any CPU
	EndGlobalSection
	GlobalSection(ProjectConfigurationPlatforms) = postSolution
		{DB585A8D-5847-4FA1-9789-7D96F7208D6F}.Debug|Any CPU.ActiveCfg = Debug|Any CPU
		{DB585A8D-5847-4FA1-9789-7D96F7208D6F}.Debug|Any CPU.Build.0 = Debug|Any CPU
		{DB585A8D-5847-4FA1-9789-7D96F7208D6F}.Release|Any CPU.ActiveCfg = Release|Any CPU
		{DB585A8D-5847-4FA1-9789-7D96F7208D6F}.Release|Any CPU.Build.0 = Release|Any CPU
	EndGlobalSection
	GlobalSection(SolutionProperties) = preSolution
		HideSolutionNode = FALSE
	EndGlobalSection
	GlobalSection(ExtensibilityGlobals) = postSolution
		SolutionGuid = {62DEDA03-AFFA-4B02-A6F6-74483C183E95}
	EndGlobalSection
EndGlobal
